
Microsoft Visual Studio Solution File, Format Version 12.00
# Visual Studio 14
VisualStudioVersion = 14.0.24720.0
MinimumVisualStudioVersion = 10.0.40219.1
Project("{FAE04EC0-301F-11D3-BF4B-00C04F79EFBC}") = "RegistrationAppConnection.Client", "RegistrationAppConnection.Client\RegistrationAppConnection.Client.csproj", "{10BBF1E4-F85D-40B7-8538-AE3913921A5F}"
EndProject
Project("{FAE04EC0-301F-11D3-BF4B-00C04F79EFBC}") = "RegistrationAppConnection.Data", "..\RegistrationAppConnection\RegistrationAppConnection.Data\RegistrationAppConnection.Data.csproj", "{D5E1F056-6A12-4892-A7AB-5ABD11D121BF}"
EndProject
Project("{FAE04EC0-301F-11D3-BF4B-00C04F79EFBC}") = "RegistrationAppConnection.Domain", "..\RegistrationAppConnection\RegistrationAppConnection.Domain\RegistrationAppConnection.Domain.csproj", "{0EE6FF0D-8F2D-465D-A43B-4B91538427AF}"
EndProject
Global
	GlobalSection(SolutionConfigurationPlatforms) = preSolution
		Debug|Any CPU = Debug|Any CPU
		Release|Any CPU = Release|Any CPU
	EndGlobalSection
	GlobalSection(ProjectConfigurationPlatforms) = postSolution
		{10BBF1E4-F85D-40B7-8538-AE3913921A5F}.Debug|Any CPU.ActiveCfg = Debug|Any CPU
		{10BBF1E4-F85D-40B7-8538-AE3913921A5F}.Debug|Any CPU.Build.0 = Debug|Any CPU
		{10BBF1E4-F85D-40B7-8538-AE3913921A5F}.Release|Any CPU.ActiveCfg = Release|Any CPU
		{10BBF1E4-F85D-40B7-8538-AE3913921A5F}.Release|Any CPU.Build.0 = Release|Any CPU
		{D5E1F056-6A12-4892-A7AB-5ABD11D121BF}.Debug|Any CPU.ActiveCfg = Debug|Any CPU
		{D5E1F056-6A12-4892-A7AB-5ABD11D121BF}.Debug|Any CPU.Build.0 = Debug|Any CPU
		{D5E1F056-6A12-4892-A7AB-5ABD11D121BF}.Release|Any CPU.ActiveCfg = Release|Any CPU
		{D5E1F056-6A12-4892-A7AB-5ABD11D121BF}.Release|Any CPU.Build.0 = Release|Any CPU
		{0EE6FF0D-8F2D-465D-A43B-4B91538427AF}.Debug|Any CPU.ActiveCfg = Debug|Any CPU
		{0EE6FF0D-8F2D-465D-A43B-4B91538427AF}.Debug|Any CPU.Build.0 = Debug|Any CPU
		{0EE6FF0D-8F2D-465D-A43B-4B91538427AF}.Release|Any CPU.ActiveCfg = Release|Any CPU
		{0EE6FF0D-8F2D-465D-A43B-4B91538427AF}.Release|Any CPU.Build.0 = Release|Any CPU
	EndGlobalSection
	GlobalSection(SolutionProperties) = preSolution
		HideSolutionNode = FALSE
	EndGlobalSection
EndGlobal
