
Microsoft Visual Studio Solution File, Format Version 12.00
# Visual Studio 14
VisualStudioVersion = 14.0.24720.0
MinimumVisualStudioVersion = 10.0.40219.1
Project("{FAE04EC0-301F-11D3-BF4B-00C04F79EFBC}") = "EfApp.Client", "EfApp.Client\EfApp.Client.csproj", "{5C846AF3-FDC3-406E-BEDC-20B9CF8D4D03}"
EndProject
Project("{FAE04EC0-301F-11D3-BF4B-00C04F79EFBC}") = "EfApp.Domain", "EfApp.Domain\EfApp.Domain.csproj", "{9C0819CC-088B-4671-8B46-12C6C9361968}"
EndProject
Project("{FAE04EC0-301F-11D3-BF4B-00C04F79EFBC}") = "EfApp.Data", "EfApp.Data\EfApp.Data.csproj", "{4D66ED8B-1035-4FA4-B897-6745E0A9BB20}"
EndProject
Global
	GlobalSection(SolutionConfigurationPlatforms) = preSolution
		Debug|Any CPU = Debug|Any CPU
		Release|Any CPU = Release|Any CPU
	EndGlobalSection
	GlobalSection(ProjectConfigurationPlatforms) = postSolution
		{5C846AF3-FDC3-406E-BEDC-20B9CF8D4D03}.Debug|Any CPU.ActiveCfg = Debug|Any CPU
		{5C846AF3-FDC3-406E-BEDC-20B9CF8D4D03}.Debug|Any CPU.Build.0 = Debug|Any CPU
		{5C846AF3-FDC3-406E-BEDC-20B9CF8D4D03}.Release|Any CPU.ActiveCfg = Release|Any CPU
		{5C846AF3-FDC3-406E-BEDC-20B9CF8D4D03}.Release|Any CPU.Build.0 = Release|Any CPU
		{9C0819CC-088B-4671-8B46-12C6C9361968}.Debug|Any CPU.ActiveCfg = Debug|Any CPU
		{9C0819CC-088B-4671-8B46-12C6C9361968}.Debug|Any CPU.Build.0 = Debug|Any CPU
		{9C0819CC-088B-4671-8B46-12C6C9361968}.Release|Any CPU.ActiveCfg = Release|Any CPU
		{9C0819CC-088B-4671-8B46-12C6C9361968}.Release|Any CPU.Build.0 = Release|Any CPU
		{4D66ED8B-1035-4FA4-B897-6745E0A9BB20}.Debug|Any CPU.ActiveCfg = Debug|Any CPU
		{4D66ED8B-1035-4FA4-B897-6745E0A9BB20}.Debug|Any CPU.Build.0 = Debug|Any CPU
		{4D66ED8B-1035-4FA4-B897-6745E0A9BB20}.Release|Any CPU.ActiveCfg = Release|Any CPU
		{4D66ED8B-1035-4FA4-B897-6745E0A9BB20}.Release|Any CPU.Build.0 = Release|Any CPU
	EndGlobalSection
	GlobalSection(SolutionProperties) = preSolution
		HideSolutionNode = FALSE
	EndGlobalSection
EndGlobal
