
Microsoft Visual Studio Solution File, Format Version 12.00
# Visual Studio 14
VisualStudioVersion = 14.0.24720.0
MinimumVisualStudioVersion = 10.0.40219.1
Project("{FAE04EC0-301F-11D3-BF4B-00C04F79EFBC}") = "DesktopApp.Client", "DesktopApp.Client\DesktopApp.Client.csproj", "{CF8F59DE-4EF2-4441-8AE1-FE3A5D9B09F0}"
EndProject
Project("{FAE04EC0-301F-11D3-BF4B-00C04F79EFBC}") = "DesktopApp.Domain", "DesktopApp.Domain\DesktopApp.Domain.csproj", "{D3C09D46-402D-4DA2-8C80-02ADB40FB31E}"
EndProject
Project("{FAE04EC0-301F-11D3-BF4B-00C04F79EFBC}") = "DesktopApp.Data", "DesktopApp.Data\DesktopApp.Data.csproj", "{5E87B8CA-95ED-4925-9D9D-AD08C4796163}"
EndProject
Global
	GlobalSection(SolutionConfigurationPlatforms) = preSolution
		Debug|Any CPU = Debug|Any CPU
		Release|Any CPU = Release|Any CPU
	EndGlobalSection
	GlobalSection(ProjectConfigurationPlatforms) = postSolution
		{CF8F59DE-4EF2-4441-8AE1-FE3A5D9B09F0}.Debug|Any CPU.ActiveCfg = Debug|Any CPU
		{CF8F59DE-4EF2-4441-8AE1-FE3A5D9B09F0}.Debug|Any CPU.Build.0 = Debug|Any CPU
		{CF8F59DE-4EF2-4441-8AE1-FE3A5D9B09F0}.Release|Any CPU.ActiveCfg = Release|Any CPU
		{CF8F59DE-4EF2-4441-8AE1-FE3A5D9B09F0}.Release|Any CPU.Build.0 = Release|Any CPU
		{D3C09D46-402D-4DA2-8C80-02ADB40FB31E}.Debug|Any CPU.ActiveCfg = Debug|Any CPU
		{D3C09D46-402D-4DA2-8C80-02ADB40FB31E}.Debug|Any CPU.Build.0 = Debug|Any CPU
		{D3C09D46-402D-4DA2-8C80-02ADB40FB31E}.Release|Any CPU.ActiveCfg = Release|Any CPU
		{D3C09D46-402D-4DA2-8C80-02ADB40FB31E}.Release|Any CPU.Build.0 = Release|Any CPU
		{5E87B8CA-95ED-4925-9D9D-AD08C4796163}.Debug|Any CPU.ActiveCfg = Debug|Any CPU
		{5E87B8CA-95ED-4925-9D9D-AD08C4796163}.Debug|Any CPU.Build.0 = Debug|Any CPU
		{5E87B8CA-95ED-4925-9D9D-AD08C4796163}.Release|Any CPU.ActiveCfg = Release|Any CPU
		{5E87B8CA-95ED-4925-9D9D-AD08C4796163}.Release|Any CPU.Build.0 = Release|Any CPU
	EndGlobalSection
	GlobalSection(SolutionProperties) = preSolution
		HideSolutionNode = FALSE
	EndGlobalSection
EndGlobal
