
Microsoft Visual Studio Solution File, Format Version 12.00
# Visual Studio 14
VisualStudioVersion = 14.0.25420.1
MinimumVisualStudioVersion = 10.0.40219.1
Project("{FAE04EC0-301F-11D3-BF4B-00C04F79EFBC}") = "EBS", "EBS\EBS.csproj", "{6145FB4F-E9B2-4B48-BCCD-99F12185F239}"
EndProject
Project("{FAE04EC0-301F-11D3-BF4B-00C04F79EFBC}") = "PCOLibrary", "PCOLibrary\PCOLibrary.csproj", "{F5A091B5-5C7D-4C9E-B3A7-2BEAA988DF15}"
EndProject
Project("{FAE04EC0-301F-11D3-BF4B-00C04F79EFBC}") = "PCOLibraryTest", "PCOLibraryTest\PCOLibraryTest.csproj", "{0F940E8B-F5BE-4C82-9071-469AB616B1B1}"
EndProject
Project("{FAE04EC0-301F-11D3-BF4B-00C04F79EFBC}") = "Grades", "Grades\Grades.csproj", "{BDA40B8E-AB3F-40A9-A23A-8E9F01E998DA}"
EndProject
Project("{FAE04EC0-301F-11D3-BF4B-00C04F79EFBC}") = "Account", "Account\Account.csproj", "{5CB91467-D48C-42DE-A594-65777369B8E7}"
EndProject
Project("{2150E333-8FDC-42A3-9474-1A3956D46DE8}") = "Exams", "Exams", "{45596EB1-11B6-479D-A0D5-CD6B83D4CF0D}"
EndProject
Project("{FAE04EC0-301F-11D3-BF4B-00C04F79EFBC}") = "Invoice", "Invoice\Invoice.csproj", "{F4B1A7AD-728B-4700-B98B-7566A74E455C}"
EndProject
Project("{FAE04EC0-301F-11D3-BF4B-00C04F79EFBC}") = "Employee", "Employee\Employee.csproj", "{7D089F44-5AB8-468E-B07A-2EAFCEE6F4AA}"
EndProject
Project("{FAE04EC0-301F-11D3-BF4B-00C04F79EFBC}") = "EmployeeTest1", "EmployeeTest1\EmployeeTest1.csproj", "{D7F2656C-BF1B-4A4E-9AD4-7A12B9A7C12B}"
EndProject
Project("{FAE04EC0-301F-11D3-BF4B-00C04F79EFBC}") = "Date", "Date\Date.csproj", "{25BE42F6-61D9-49C5-AB4F-D919A24CD6CF}"
EndProject
Project("{FAE04EC0-301F-11D3-BF4B-00C04F79EFBC}") = "SavingAccount", "SavingAccount\SavingAccount.csproj", "{46C7A45E-A127-4B8A-AFDB-CB1A9D330004}"
EndProject
Project("{FAE04EC0-301F-11D3-BF4B-00C04F79EFBC}") = "Books", "Books\Books.csproj", "{0EC2B703-322C-454E-90EB-89F6CF00831D}"
EndProject
Project("{FAE04EC0-301F-11D3-BF4B-00C04F79EFBC}") = "ObjectMove", "ObjectMove\ObjectMove.csproj", "{ACF12A11-8B0F-4B39-ABC8-1D61A0F660A3}"
EndProject
Project("{FAE04EC0-301F-11D3-BF4B-00C04F79EFBC}") = "BeautySalon", "BeautySalon\BeautySalon.csproj", "{BC11FCBD-87E9-415C-8D14-32AFFEF54BB3}"
EndProject
Global
	GlobalSection(SolutionConfigurationPlatforms) = preSolution
		Debug|Any CPU = Debug|Any CPU
		Debug|ARM = Debug|ARM
		Debug|x64 = Debug|x64
		Debug|x86 = Debug|x86
		Release|Any CPU = Release|Any CPU
		Release|ARM = Release|ARM
		Release|x64 = Release|x64
		Release|x86 = Release|x86
	EndGlobalSection
	GlobalSection(ProjectConfigurationPlatforms) = postSolution
		{6145FB4F-E9B2-4B48-BCCD-99F12185F239}.Debug|Any CPU.ActiveCfg = Debug|Any CPU
		{6145FB4F-E9B2-4B48-BCCD-99F12185F239}.Debug|Any CPU.Build.0 = Debug|Any CPU
		{6145FB4F-E9B2-4B48-BCCD-99F12185F239}.Debug|ARM.ActiveCfg = Debug|Any CPU
		{6145FB4F-E9B2-4B48-BCCD-99F12185F239}.Debug|ARM.Build.0 = Debug|Any CPU
		{6145FB4F-E9B2-4B48-BCCD-99F12185F239}.Debug|x64.ActiveCfg = Debug|Any CPU
		{6145FB4F-E9B2-4B48-BCCD-99F12185F239}.Debug|x64.Build.0 = Debug|Any CPU
		{6145FB4F-E9B2-4B48-BCCD-99F12185F239}.Debug|x86.ActiveCfg = Debug|Any CPU
		{6145FB4F-E9B2-4B48-BCCD-99F12185F239}.Debug|x86.Build.0 = Debug|Any CPU
		{6145FB4F-E9B2-4B48-BCCD-99F12185F239}.Release|Any CPU.ActiveCfg = Release|Any CPU
		{6145FB4F-E9B2-4B48-BCCD-99F12185F239}.Release|Any CPU.Build.0 = Release|Any CPU
		{6145FB4F-E9B2-4B48-BCCD-99F12185F239}.Release|ARM.ActiveCfg = Release|Any CPU
		{6145FB4F-E9B2-4B48-BCCD-99F12185F239}.Release|ARM.Build.0 = Release|Any CPU
		{6145FB4F-E9B2-4B48-BCCD-99F12185F239}.Release|x64.ActiveCfg = Release|Any CPU
		{6145FB4F-E9B2-4B48-BCCD-99F12185F239}.Release|x64.Build.0 = Release|Any CPU
		{6145FB4F-E9B2-4B48-BCCD-99F12185F239}.Release|x86.ActiveCfg = Release|Any CPU
		{6145FB4F-E9B2-4B48-BCCD-99F12185F239}.Release|x86.Build.0 = Release|Any CPU
		{F5A091B5-5C7D-4C9E-B3A7-2BEAA988DF15}.Debug|Any CPU.ActiveCfg = Debug|Any CPU
		{F5A091B5-5C7D-4C9E-B3A7-2BEAA988DF15}.Debug|Any CPU.Build.0 = Debug|Any CPU
		{F5A091B5-5C7D-4C9E-B3A7-2BEAA988DF15}.Debug|ARM.ActiveCfg = Debug|Any CPU
		{F5A091B5-5C7D-4C9E-B3A7-2BEAA988DF15}.Debug|ARM.Build.0 = Debug|Any CPU
		{F5A091B5-5C7D-4C9E-B3A7-2BEAA988DF15}.Debug|x64.ActiveCfg = Debug|Any CPU
		{F5A091B5-5C7D-4C9E-B3A7-2BEAA988DF15}.Debug|x64.Build.0 = Debug|Any CPU
		{F5A091B5-5C7D-4C9E-B3A7-2BEAA988DF15}.Debug|x86.ActiveCfg = Debug|Any CPU
		{F5A091B5-5C7D-4C9E-B3A7-2BEAA988DF15}.Debug|x86.Build.0 = Debug|Any CPU
		{F5A091B5-5C7D-4C9E-B3A7-2BEAA988DF15}.Release|Any CPU.ActiveCfg = Release|Any CPU
		{F5A091B5-5C7D-4C9E-B3A7-2BEAA988DF15}.Release|Any CPU.Build.0 = Release|Any CPU
		{F5A091B5-5C7D-4C9E-B3A7-2BEAA988DF15}.Release|ARM.ActiveCfg = Release|Any CPU
		{F5A091B5-5C7D-4C9E-B3A7-2BEAA988DF15}.Release|ARM.Build.0 = Release|Any CPU
		{F5A091B5-5C7D-4C9E-B3A7-2BEAA988DF15}.Release|x64.ActiveCfg = Release|Any CPU
		{F5A091B5-5C7D-4C9E-B3A7-2BEAA988DF15}.Release|x64.Build.0 = Release|Any CPU
		{F5A091B5-5C7D-4C9E-B3A7-2BEAA988DF15}.Release|x86.ActiveCfg = Release|Any CPU
		{F5A091B5-5C7D-4C9E-B3A7-2BEAA988DF15}.Release|x86.Build.0 = Release|Any CPU
		{0F940E8B-F5BE-4C82-9071-469AB616B1B1}.Debug|Any CPU.ActiveCfg = Debug|Any CPU
		{0F940E8B-F5BE-4C82-9071-469AB616B1B1}.Debug|Any CPU.Build.0 = Debug|Any CPU
		{0F940E8B-F5BE-4C82-9071-469AB616B1B1}.Debug|ARM.ActiveCfg = Debug|Any CPU
		{0F940E8B-F5BE-4C82-9071-469AB616B1B1}.Debug|ARM.Build.0 = Debug|Any CPU
		{0F940E8B-F5BE-4C82-9071-469AB616B1B1}.Debug|x64.ActiveCfg = Debug|Any CPU
		{0F940E8B-F5BE-4C82-9071-469AB616B1B1}.Debug|x64.Build.0 = Debug|Any CPU
		{0F940E8B-F5BE-4C82-9071-469AB616B1B1}.Debug|x86.ActiveCfg = Debug|Any CPU
		{0F940E8B-F5BE-4C82-9071-469AB616B1B1}.Debug|x86.Build.0 = Debug|Any CPU
		{0F940E8B-F5BE-4C82-9071-469AB616B1B1}.Release|Any CPU.ActiveCfg = Release|Any CPU
		{0F940E8B-F5BE-4C82-9071-469AB616B1B1}.Release|Any CPU.Build.0 = Release|Any CPU
		{0F940E8B-F5BE-4C82-9071-469AB616B1B1}.Release|ARM.ActiveCfg = Release|Any CPU
		{0F940E8B-F5BE-4C82-9071-469AB616B1B1}.Release|ARM.Build.0 = Release|Any CPU
		{0F940E8B-F5BE-4C82-9071-469AB616B1B1}.Release|x64.ActiveCfg = Release|Any CPU
		{0F940E8B-F5BE-4C82-9071-469AB616B1B1}.Release|x64.Build.0 = Release|Any CPU
		{0F940E8B-F5BE-4C82-9071-469AB616B1B1}.Release|x86.ActiveCfg = Release|Any CPU
		{0F940E8B-F5BE-4C82-9071-469AB616B1B1}.Release|x86.Build.0 = Release|Any CPU
		{BDA40B8E-AB3F-40A9-A23A-8E9F01E998DA}.Debug|Any CPU.ActiveCfg = Debug|Any CPU
		{BDA40B8E-AB3F-40A9-A23A-8E9F01E998DA}.Debug|Any CPU.Build.0 = Debug|Any CPU
		{BDA40B8E-AB3F-40A9-A23A-8E9F01E998DA}.Debug|ARM.ActiveCfg = Debug|Any CPU
		{BDA40B8E-AB3F-40A9-A23A-8E9F01E998DA}.Debug|ARM.Build.0 = Debug|Any CPU
		{BDA40B8E-AB3F-40A9-A23A-8E9F01E998DA}.Debug|x64.ActiveCfg = Debug|Any CPU
		{BDA40B8E-AB3F-40A9-A23A-8E9F01E998DA}.Debug|x64.Build.0 = Debug|Any CPU
		{BDA40B8E-AB3F-40A9-A23A-8E9F01E998DA}.Debug|x86.ActiveCfg = Debug|Any CPU
		{BDA40B8E-AB3F-40A9-A23A-8E9F01E998DA}.Debug|x86.Build.0 = Debug|Any CPU
		{BDA40B8E-AB3F-40A9-A23A-8E9F01E998DA}.Release|Any CPU.ActiveCfg = Release|Any CPU
		{BDA40B8E-AB3F-40A9-A23A-8E9F01E998DA}.Release|Any CPU.Build.0 = Release|Any CPU
		{BDA40B8E-AB3F-40A9-A23A-8E9F01E998DA}.Release|ARM.ActiveCfg = Release|Any CPU
		{BDA40B8E-AB3F-40A9-A23A-8E9F01E998DA}.Release|ARM.Build.0 = Release|Any CPU
		{BDA40B8E-AB3F-40A9-A23A-8E9F01E998DA}.Release|x64.ActiveCfg = Release|Any CPU
		{BDA40B8E-AB3F-40A9-A23A-8E9F01E998DA}.Release|x64.Build.0 = Release|Any CPU
		{BDA40B8E-AB3F-40A9-A23A-8E9F01E998DA}.Release|x86.ActiveCfg = Release|Any CPU
		{BDA40B8E-AB3F-40A9-A23A-8E9F01E998DA}.Release|x86.Build.0 = Release|Any CPU
		{5CB91467-D48C-42DE-A594-65777369B8E7}.Debug|Any CPU.ActiveCfg = Debug|Any CPU
		{5CB91467-D48C-42DE-A594-65777369B8E7}.Debug|Any CPU.Build.0 = Debug|Any CPU
		{5CB91467-D48C-42DE-A594-65777369B8E7}.Debug|ARM.ActiveCfg = Debug|Any CPU
		{5CB91467-D48C-42DE-A594-65777369B8E7}.Debug|ARM.Build.0 = Debug|Any CPU
		{5CB91467-D48C-42DE-A594-65777369B8E7}.Debug|x64.ActiveCfg = Debug|Any CPU
		{5CB91467-D48C-42DE-A594-65777369B8E7}.Debug|x64.Build.0 = Debug|Any CPU
		{5CB91467-D48C-42DE-A594-65777369B8E7}.Debug|x86.ActiveCfg = Debug|Any CPU
		{5CB91467-D48C-42DE-A594-65777369B8E7}.Debug|x86.Build.0 = Debug|Any CPU
		{5CB91467-D48C-42DE-A594-65777369B8E7}.Release|Any CPU.ActiveCfg = Release|Any CPU
		{5CB91467-D48C-42DE-A594-65777369B8E7}.Release|Any CPU.Build.0 = Release|Any CPU
		{5CB91467-D48C-42DE-A594-65777369B8E7}.Release|ARM.ActiveCfg = Release|Any CPU
		{5CB91467-D48C-42DE-A594-65777369B8E7}.Release|ARM.Build.0 = Release|Any CPU
		{5CB91467-D48C-42DE-A594-65777369B8E7}.Release|x64.ActiveCfg = Release|Any CPU
		{5CB91467-D48C-42DE-A594-65777369B8E7}.Release|x64.Build.0 = Release|Any CPU
		{5CB91467-D48C-42DE-A594-65777369B8E7}.Release|x86.ActiveCfg = Release|Any CPU
		{5CB91467-D48C-42DE-A594-65777369B8E7}.Release|x86.Build.0 = Release|Any CPU
		{F4B1A7AD-728B-4700-B98B-7566A74E455C}.Debug|Any CPU.ActiveCfg = Debug|Any CPU
		{F4B1A7AD-728B-4700-B98B-7566A74E455C}.Debug|Any CPU.Build.0 = Debug|Any CPU
		{F4B1A7AD-728B-4700-B98B-7566A74E455C}.Debug|ARM.ActiveCfg = Debug|Any CPU
		{F4B1A7AD-728B-4700-B98B-7566A74E455C}.Debug|ARM.Build.0 = Debug|Any CPU
		{F4B1A7AD-728B-4700-B98B-7566A74E455C}.Debug|x64.ActiveCfg = Debug|Any CPU
		{F4B1A7AD-728B-4700-B98B-7566A74E455C}.Debug|x64.Build.0 = Debug|Any CPU
		{F4B1A7AD-728B-4700-B98B-7566A74E455C}.Debug|x86.ActiveCfg = Debug|Any CPU
		{F4B1A7AD-728B-4700-B98B-7566A74E455C}.Debug|x86.Build.0 = Debug|Any CPU
		{F4B1A7AD-728B-4700-B98B-7566A74E455C}.Release|Any CPU.ActiveCfg = Release|Any CPU
		{F4B1A7AD-728B-4700-B98B-7566A74E455C}.Release|Any CPU.Build.0 = Release|Any CPU
		{F4B1A7AD-728B-4700-B98B-7566A74E455C}.Release|ARM.ActiveCfg = Release|Any CPU
		{F4B1A7AD-728B-4700-B98B-7566A74E455C}.Release|ARM.Build.0 = Release|Any CPU
		{F4B1A7AD-728B-4700-B98B-7566A74E455C}.Release|x64.ActiveCfg = Release|Any CPU
		{F4B1A7AD-728B-4700-B98B-7566A74E455C}.Release|x64.Build.0 = Release|Any CPU
		{F4B1A7AD-728B-4700-B98B-7566A74E455C}.Release|x86.ActiveCfg = Release|Any CPU
		{F4B1A7AD-728B-4700-B98B-7566A74E455C}.Release|x86.Build.0 = Release|Any CPU
		{7D089F44-5AB8-468E-B07A-2EAFCEE6F4AA}.Debug|Any CPU.ActiveCfg = Debug|Any CPU
		{7D089F44-5AB8-468E-B07A-2EAFCEE6F4AA}.Debug|Any CPU.Build.0 = Debug|Any CPU
		{7D089F44-5AB8-468E-B07A-2EAFCEE6F4AA}.Debug|ARM.ActiveCfg = Debug|Any CPU
		{7D089F44-5AB8-468E-B07A-2EAFCEE6F4AA}.Debug|ARM.Build.0 = Debug|Any CPU
		{7D089F44-5AB8-468E-B07A-2EAFCEE6F4AA}.Debug|x64.ActiveCfg = Debug|Any CPU
		{7D089F44-5AB8-468E-B07A-2EAFCEE6F4AA}.Debug|x64.Build.0 = Debug|Any CPU
		{7D089F44-5AB8-468E-B07A-2EAFCEE6F4AA}.Debug|x86.ActiveCfg = Debug|Any CPU
		{7D089F44-5AB8-468E-B07A-2EAFCEE6F4AA}.Debug|x86.Build.0 = Debug|Any CPU
		{7D089F44-5AB8-468E-B07A-2EAFCEE6F4AA}.Release|Any CPU.ActiveCfg = Release|Any CPU
		{7D089F44-5AB8-468E-B07A-2EAFCEE6F4AA}.Release|Any CPU.Build.0 = Release|Any CPU
		{7D089F44-5AB8-468E-B07A-2EAFCEE6F4AA}.Release|ARM.ActiveCfg = Release|Any CPU
		{7D089F44-5AB8-468E-B07A-2EAFCEE6F4AA}.Release|ARM.Build.0 = Release|Any CPU
		{7D089F44-5AB8-468E-B07A-2EAFCEE6F4AA}.Release|x64.ActiveCfg = Release|Any CPU
		{7D089F44-5AB8-468E-B07A-2EAFCEE6F4AA}.Release|x64.Build.0 = Release|Any CPU
		{7D089F44-5AB8-468E-B07A-2EAFCEE6F4AA}.Release|x86.ActiveCfg = Release|Any CPU
		{7D089F44-5AB8-468E-B07A-2EAFCEE6F4AA}.Release|x86.Build.0 = Release|Any CPU
		{D7F2656C-BF1B-4A4E-9AD4-7A12B9A7C12B}.Debug|Any CPU.ActiveCfg = Debug|Any CPU
		{D7F2656C-BF1B-4A4E-9AD4-7A12B9A7C12B}.Debug|Any CPU.Build.0 = Debug|Any CPU
		{D7F2656C-BF1B-4A4E-9AD4-7A12B9A7C12B}.Debug|ARM.ActiveCfg = Debug|Any CPU
		{D7F2656C-BF1B-4A4E-9AD4-7A12B9A7C12B}.Debug|ARM.Build.0 = Debug|Any CPU
		{D7F2656C-BF1B-4A4E-9AD4-7A12B9A7C12B}.Debug|x64.ActiveCfg = Debug|Any CPU
		{D7F2656C-BF1B-4A4E-9AD4-7A12B9A7C12B}.Debug|x64.Build.0 = Debug|Any CPU
		{D7F2656C-BF1B-4A4E-9AD4-7A12B9A7C12B}.Debug|x86.ActiveCfg = Debug|Any CPU
		{D7F2656C-BF1B-4A4E-9AD4-7A12B9A7C12B}.Debug|x86.Build.0 = Debug|Any CPU
		{D7F2656C-BF1B-4A4E-9AD4-7A12B9A7C12B}.Release|Any CPU.ActiveCfg = Release|Any CPU
		{D7F2656C-BF1B-4A4E-9AD4-7A12B9A7C12B}.Release|Any CPU.Build.0 = Release|Any CPU
		{D7F2656C-BF1B-4A4E-9AD4-7A12B9A7C12B}.Release|ARM.ActiveCfg = Release|Any CPU
		{D7F2656C-BF1B-4A4E-9AD4-7A12B9A7C12B}.Release|ARM.Build.0 = Release|Any CPU
		{D7F2656C-BF1B-4A4E-9AD4-7A12B9A7C12B}.Release|x64.ActiveCfg = Release|Any CPU
		{D7F2656C-BF1B-4A4E-9AD4-7A12B9A7C12B}.Release|x64.Build.0 = Release|Any CPU
		{D7F2656C-BF1B-4A4E-9AD4-7A12B9A7C12B}.Release|x86.ActiveCfg = Release|Any CPU
		{D7F2656C-BF1B-4A4E-9AD4-7A12B9A7C12B}.Release|x86.Build.0 = Release|Any CPU
		{25BE42F6-61D9-49C5-AB4F-D919A24CD6CF}.Debug|Any CPU.ActiveCfg = Debug|Any CPU
		{25BE42F6-61D9-49C5-AB4F-D919A24CD6CF}.Debug|Any CPU.Build.0 = Debug|Any CPU
		{25BE42F6-61D9-49C5-AB4F-D919A24CD6CF}.Debug|ARM.ActiveCfg = Debug|Any CPU
		{25BE42F6-61D9-49C5-AB4F-D919A24CD6CF}.Debug|ARM.Build.0 = Debug|Any CPU
		{25BE42F6-61D9-49C5-AB4F-D919A24CD6CF}.Debug|x64.ActiveCfg = Debug|Any CPU
		{25BE42F6-61D9-49C5-AB4F-D919A24CD6CF}.Debug|x64.Build.0 = Debug|Any CPU
		{25BE42F6-61D9-49C5-AB4F-D919A24CD6CF}.Debug|x86.ActiveCfg = Debug|Any CPU
		{25BE42F6-61D9-49C5-AB4F-D919A24CD6CF}.Debug|x86.Build.0 = Debug|Any CPU
		{25BE42F6-61D9-49C5-AB4F-D919A24CD6CF}.Release|Any CPU.ActiveCfg = Release|Any CPU
		{25BE42F6-61D9-49C5-AB4F-D919A24CD6CF}.Release|Any CPU.Build.0 = Release|Any CPU
		{25BE42F6-61D9-49C5-AB4F-D919A24CD6CF}.Release|ARM.ActiveCfg = Release|Any CPU
		{25BE42F6-61D9-49C5-AB4F-D919A24CD6CF}.Release|ARM.Build.0 = Release|Any CPU
		{25BE42F6-61D9-49C5-AB4F-D919A24CD6CF}.Release|x64.ActiveCfg = Release|Any CPU
		{25BE42F6-61D9-49C5-AB4F-D919A24CD6CF}.Release|x64.Build.0 = Release|Any CPU
		{25BE42F6-61D9-49C5-AB4F-D919A24CD6CF}.Release|x86.ActiveCfg = Release|Any CPU
		{25BE42F6-61D9-49C5-AB4F-D919A24CD6CF}.Release|x86.Build.0 = Release|Any CPU
		{46C7A45E-A127-4B8A-AFDB-CB1A9D330004}.Debug|Any CPU.ActiveCfg = Debug|Any CPU
		{46C7A45E-A127-4B8A-AFDB-CB1A9D330004}.Debug|Any CPU.Build.0 = Debug|Any CPU
		{46C7A45E-A127-4B8A-AFDB-CB1A9D330004}.Debug|ARM.ActiveCfg = Debug|Any CPU
		{46C7A45E-A127-4B8A-AFDB-CB1A9D330004}.Debug|ARM.Build.0 = Debug|Any CPU
		{46C7A45E-A127-4B8A-AFDB-CB1A9D330004}.Debug|x64.ActiveCfg = Debug|Any CPU
		{46C7A45E-A127-4B8A-AFDB-CB1A9D330004}.Debug|x64.Build.0 = Debug|Any CPU
		{46C7A45E-A127-4B8A-AFDB-CB1A9D330004}.Debug|x86.ActiveCfg = Debug|Any CPU
		{46C7A45E-A127-4B8A-AFDB-CB1A9D330004}.Debug|x86.Build.0 = Debug|Any CPU
		{46C7A45E-A127-4B8A-AFDB-CB1A9D330004}.Release|Any CPU.ActiveCfg = Release|Any CPU
		{46C7A45E-A127-4B8A-AFDB-CB1A9D330004}.Release|Any CPU.Build.0 = Release|Any CPU
		{46C7A45E-A127-4B8A-AFDB-CB1A9D330004}.Release|ARM.ActiveCfg = Release|Any CPU
		{46C7A45E-A127-4B8A-AFDB-CB1A9D330004}.Release|ARM.Build.0 = Release|Any CPU
		{46C7A45E-A127-4B8A-AFDB-CB1A9D330004}.Release|x64.ActiveCfg = Release|Any CPU
		{46C7A45E-A127-4B8A-AFDB-CB1A9D330004}.Release|x64.Build.0 = Release|Any CPU
		{46C7A45E-A127-4B8A-AFDB-CB1A9D330004}.Release|x86.ActiveCfg = Release|Any CPU
		{46C7A45E-A127-4B8A-AFDB-CB1A9D330004}.Release|x86.Build.0 = Release|Any CPU
		{0EC2B703-322C-454E-90EB-89F6CF00831D}.Debug|Any CPU.ActiveCfg = Debug|Any CPU
		{0EC2B703-322C-454E-90EB-89F6CF00831D}.Debug|Any CPU.Build.0 = Debug|Any CPU
		{0EC2B703-322C-454E-90EB-89F6CF00831D}.Debug|ARM.ActiveCfg = Debug|Any CPU
		{0EC2B703-322C-454E-90EB-89F6CF00831D}.Debug|ARM.Build.0 = Debug|Any CPU
		{0EC2B703-322C-454E-90EB-89F6CF00831D}.Debug|x64.ActiveCfg = Debug|Any CPU
		{0EC2B703-322C-454E-90EB-89F6CF00831D}.Debug|x64.Build.0 = Debug|Any CPU
		{0EC2B703-322C-454E-90EB-89F6CF00831D}.Debug|x86.ActiveCfg = Debug|Any CPU
		{0EC2B703-322C-454E-90EB-89F6CF00831D}.Debug|x86.Build.0 = Debug|Any CPU
		{0EC2B703-322C-454E-90EB-89F6CF00831D}.Release|Any CPU.ActiveCfg = Release|Any CPU
		{0EC2B703-322C-454E-90EB-89F6CF00831D}.Release|Any CPU.Build.0 = Release|Any CPU
		{0EC2B703-322C-454E-90EB-89F6CF00831D}.Release|ARM.ActiveCfg = Release|Any CPU
		{0EC2B703-322C-454E-90EB-89F6CF00831D}.Release|ARM.Build.0 = Release|Any CPU
		{0EC2B703-322C-454E-90EB-89F6CF00831D}.Release|x64.ActiveCfg = Release|Any CPU
		{0EC2B703-322C-454E-90EB-89F6CF00831D}.Release|x64.Build.0 = Release|Any CPU
		{0EC2B703-322C-454E-90EB-89F6CF00831D}.Release|x86.ActiveCfg = Release|Any CPU
		{0EC2B703-322C-454E-90EB-89F6CF00831D}.Release|x86.Build.0 = Release|Any CPU
		{ACF12A11-8B0F-4B39-ABC8-1D61A0F660A3}.Debug|Any CPU.ActiveCfg = Debug|Any CPU
		{ACF12A11-8B0F-4B39-ABC8-1D61A0F660A3}.Debug|Any CPU.Build.0 = Debug|Any CPU
		{ACF12A11-8B0F-4B39-ABC8-1D61A0F660A3}.Debug|ARM.ActiveCfg = Debug|Any CPU
		{ACF12A11-8B0F-4B39-ABC8-1D61A0F660A3}.Debug|ARM.Build.0 = Debug|Any CPU
		{ACF12A11-8B0F-4B39-ABC8-1D61A0F660A3}.Debug|x64.ActiveCfg = Debug|Any CPU
		{ACF12A11-8B0F-4B39-ABC8-1D61A0F660A3}.Debug|x64.Build.0 = Debug|Any CPU
		{ACF12A11-8B0F-4B39-ABC8-1D61A0F660A3}.Debug|x86.ActiveCfg = Debug|Any CPU
		{ACF12A11-8B0F-4B39-ABC8-1D61A0F660A3}.Debug|x86.Build.0 = Debug|Any CPU
		{ACF12A11-8B0F-4B39-ABC8-1D61A0F660A3}.Release|Any CPU.ActiveCfg = Release|Any CPU
		{ACF12A11-8B0F-4B39-ABC8-1D61A0F660A3}.Release|Any CPU.Build.0 = Release|Any CPU
		{ACF12A11-8B0F-4B39-ABC8-1D61A0F660A3}.Release|ARM.ActiveCfg = Release|Any CPU
		{ACF12A11-8B0F-4B39-ABC8-1D61A0F660A3}.Release|ARM.Build.0 = Release|Any CPU
		{ACF12A11-8B0F-4B39-ABC8-1D61A0F660A3}.Release|x64.ActiveCfg = Release|Any CPU
		{ACF12A11-8B0F-4B39-ABC8-1D61A0F660A3}.Release|x64.Build.0 = Release|Any CPU
		{ACF12A11-8B0F-4B39-ABC8-1D61A0F660A3}.Release|x86.ActiveCfg = Release|Any CPU
		{ACF12A11-8B0F-4B39-ABC8-1D61A0F660A3}.Release|x86.Build.0 = Release|Any CPU
		{BC11FCBD-87E9-415C-8D14-32AFFEF54BB3}.Debug|Any CPU.ActiveCfg = Debug|Any CPU
		{BC11FCBD-87E9-415C-8D14-32AFFEF54BB3}.Debug|Any CPU.Build.0 = Debug|Any CPU
		{BC11FCBD-87E9-415C-8D14-32AFFEF54BB3}.Debug|ARM.ActiveCfg = Debug|Any CPU
		{BC11FCBD-87E9-415C-8D14-32AFFEF54BB3}.Debug|ARM.Build.0 = Debug|Any CPU
		{BC11FCBD-87E9-415C-8D14-32AFFEF54BB3}.Debug|x64.ActiveCfg = Debug|Any CPU
		{BC11FCBD-87E9-415C-8D14-32AFFEF54BB3}.Debug|x64.Build.0 = Debug|Any CPU
		{BC11FCBD-87E9-415C-8D14-32AFFEF54BB3}.Debug|x86.ActiveCfg = Debug|Any CPU
		{BC11FCBD-87E9-415C-8D14-32AFFEF54BB3}.Debug|x86.Build.0 = Debug|Any CPU
		{BC11FCBD-87E9-415C-8D14-32AFFEF54BB3}.Release|Any CPU.ActiveCfg = Release|Any CPU
		{BC11FCBD-87E9-415C-8D14-32AFFEF54BB3}.Release|Any CPU.Build.0 = Release|Any CPU
		{BC11FCBD-87E9-415C-8D14-32AFFEF54BB3}.Release|ARM.ActiveCfg = Release|Any CPU
		{BC11FCBD-87E9-415C-8D14-32AFFEF54BB3}.Release|ARM.Build.0 = Release|Any CPU
		{BC11FCBD-87E9-415C-8D14-32AFFEF54BB3}.Release|x64.ActiveCfg = Release|Any CPU
		{BC11FCBD-87E9-415C-8D14-32AFFEF54BB3}.Release|x64.Build.0 = Release|Any CPU
		{BC11FCBD-87E9-415C-8D14-32AFFEF54BB3}.Release|x86.ActiveCfg = Release|Any CPU
		{BC11FCBD-87E9-415C-8D14-32AFFEF54BB3}.Release|x86.Build.0 = Release|Any CPU
	EndGlobalSection
	GlobalSection(SolutionProperties) = preSolution
		HideSolutionNode = FALSE
	EndGlobalSection
	GlobalSection(NestedProjects) = preSolution
		{5CB91467-D48C-42DE-A594-65777369B8E7} = {45596EB1-11B6-479D-A0D5-CD6B83D4CF0D}
		{F4B1A7AD-728B-4700-B98B-7566A74E455C} = {45596EB1-11B6-479D-A0D5-CD6B83D4CF0D}
		{7D089F44-5AB8-468E-B07A-2EAFCEE6F4AA} = {45596EB1-11B6-479D-A0D5-CD6B83D4CF0D}
		{D7F2656C-BF1B-4A4E-9AD4-7A12B9A7C12B} = {45596EB1-11B6-479D-A0D5-CD6B83D4CF0D}
		{25BE42F6-61D9-49C5-AB4F-D919A24CD6CF} = {45596EB1-11B6-479D-A0D5-CD6B83D4CF0D}
		{46C7A45E-A127-4B8A-AFDB-CB1A9D330004} = {45596EB1-11B6-479D-A0D5-CD6B83D4CF0D}
		{0EC2B703-322C-454E-90EB-89F6CF00831D} = {45596EB1-11B6-479D-A0D5-CD6B83D4CF0D}
		{ACF12A11-8B0F-4B39-ABC8-1D61A0F660A3} = {45596EB1-11B6-479D-A0D5-CD6B83D4CF0D}
		{BC11FCBD-87E9-415C-8D14-32AFFEF54BB3} = {45596EB1-11B6-479D-A0D5-CD6B83D4CF0D}
	EndGlobalSection
EndGlobal
